PODS:
  - freewheel (2.4)
  - MyLibrary (0.1.0):
    - freewheel

DEPENDENCIES:
  - freewheel (from `../`)
  - MyLibrary (from `./MyLibrary`)

EXTERNAL SOURCES:
  freewheel:
    :path: "../"
  MyLibrary:
    :path: "./MyLibrary"

SPEC CHECKSUMS:
  freewheel: 412d49123443164360d7bf48387df856a1ebfcc7
  MyLibrary: d630d77cd0acb70f529ffab16b5ad216edb2525b

PODFILE CHECKSUM: 0f10c4f41a358ea13d55c97a89d705c658f688ce

COCOAPODS: 1.11.3
