PODS:
  - freewheel (4)
  - MyLibrary (0.1.0):
    - freewheel (= 4)

DEPENDENCIES:
  - freewheel (from `../`)
  - MyLibrary (from `./MyLibrary`)

EXTERNAL SOURCES:
  freewheel:
    :path: "../"
  MyLibrary:
    :path: "./MyLibrary"

SPEC CHECKSUMS:
  freewheel: 299ec17fcda40c3e26e5ef76d6cd8b425bd89e26
  MyLibrary: f28e7321b70a667786f2d9eee9377572e851c0e7

PODFILE CHECKSUM: b55a0608881e54b1f5ef2145f912155a1d5bf557

COCOAPODS: 1.9.0
