PODS:
  - freewheel (2.2)
  - MyLibrary (0.1.0):
    - freewheel (= 2.2)

DEPENDENCIES:
  - freewheel (from `../`)
  - MyLibrary (from `./MyLibrary`)

EXTERNAL SOURCES:
  freewheel:
    :path: "../"
  MyLibrary:
    :path: "./MyLibrary"

SPEC CHECKSUMS:
  freewheel: 17d9686e6823ced4c578342715a1ed80bda4f906
  MyLibrary: 695a0378567d956cc490e07bfd4c953123afa848

PODFILE CHECKSUM: b55a0608881e54b1f5ef2145f912155a1d5bf557

COCOAPODS: 1.8.4
